
Microsoft Visual Studio Solution File, Format Version 12.00
# Visual Studio Version 17
VisualStudioVersion = 17.11.35222.181
MinimumVisualStudioVersion = 10.0.40219.1
Project("{FAE04EC0-301F-11D3-BF4B-00C04F79EFBC}") = "UnitTestDemo", "UnitTestDemo.csproj", "{98DE006C-4CA5-49BC-A13B-BC4D46859A5A}"
EndProject
Project("{FAE04EC0-301F-11D3-BF4B-00C04F79EFBC}") = "UnitTestDemo.Tests", "..\UnitTestDemo.Tests\UnitTestDemo.Tests.csproj", "{E3A112B2-D74E-4FCE-A66E-E16EA7BD1EF9}"
EndProject
Global
	GlobalSection(SolutionConfigurationPlatforms) = preSolution
		Debug|Any CPU = Debug|Any CPU
		Release|Any CPU = Release|Any CPU
	EndGlobalSection
	GlobalSection(ProjectConfigurationPlatforms) = postSolution
		{98DE006C-4CA5-49BC-A13B-BC4D46859A5A}.Debug|Any CPU.ActiveCfg = Debug|Any CPU
		{98DE006C-4CA5-49BC-A13B-BC4D46859A5A}.Debug|Any CPU.Build.0 = Debug|Any CPU
		{98DE006C-4CA5-49BC-A13B-BC4D46859A5A}.Release|Any CPU.ActiveCfg = Release|Any CPU
		{98DE006C-4CA5-49BC-A13B-BC4D46859A5A}.Release|Any CPU.Build.0 = Release|Any CPU
		{E3A112B2-D74E-4FCE-A66E-E16EA7BD1EF9}.Debug|Any CPU.ActiveCfg = Debug|Any CPU
		{E3A112B2-D74E-4FCE-A66E-E16EA7BD1EF9}.Debug|Any CPU.Build.0 = Debug|Any CPU
		{E3A112B2-D74E-4FCE-A66E-E16EA7BD1EF9}.Release|Any CPU.ActiveCfg = Release|Any CPU
		{E3A112B2-D74E-4FCE-A66E-E16EA7BD1EF9}.Release|Any CPU.Build.0 = Release|Any CPU
	EndGlobalSection
	GlobalSection(SolutionProperties) = preSolution
		HideSolutionNode = FALSE
	EndGlobalSection
	GlobalSection(ExtensibilityGlobals) = postSolution
		SolutionGuid = {9C488526-6950-4042-92D4-F5466295A118}
	EndGlobalSection
EndGlobal
